# Generated by `velme build`. Commit this file. Do not edit by hand.
version  = 1
language = "0.1"

[[goal]]
file          = "hello.velme"
name          = "SayHello"
signature     = "b3:efb1d46025f7ee82bccf202c4590556a40bf872fe73d10430c791b9b376fc60e"
contract_key  = "b3:6a9b094900ce5ff3ebeecfdfe6a7b29db7b4f77bbd5e1ee57fd0b3c478f76ce9"
artifact      = "b3:b6ba55603bc303f428685df1fe6fca57c7a962738f7b862313c0b6c055e5c495"
