# Generated by `velme build`. Commit this file. Do not edit by hand.
version  = 1
language = "0.1"

[[goal]]
file          = "add.velme"
name          = "Add"
signature     = "b3:678ccec2a045f67022d91f8236b3d8f802baa08611aa6ea6caed4c95f35e97e7"
contract_key  = "b3:23cffede3a021067e8a31c602953bb9b15f965876a507b3480749ff6b6ca0ffd"
artifact      = "b3:2836ab3053395fdf76548b8707de74d6c857e76db04ca101f621e24013b4a3e6"
