# Generated by `velme build`. Commit this file. Do not edit by hand.
version  = 1
language = "0.1"

[[goal]]
file          = "add.velme"
name          = "Add"
signature     = "b3:678ccec2a045f67022d91f8236b3d8f802baa08611aa6ea6caed4c95f35e97e7"
contract_key  = "b3:23cffede3a021067e8a31c602953bb9b15f965876a507b3480749ff6b6ca0ffd"
artifact      = "b3:e4af7ca676a8eaff1af7155f7b76a98c3dcdbf90e248623694131071ec1474e6"

[[goal]]
file          = "double_then_add_one.velme"
name          = "AddOne"
signature     = "b3:888c4a6a609473d2d3f073a1fd90f7bc40115c694ea79f0a36dad08a8a919893"
contract_key  = "b3:1c35e605cfced26f8dca8d0de178ced7ab62db0c01aed246844f9d9900066231"
artifact      = "b3:0bcf7790db5a6898f9b687a5d913afefcccf0b18c8b1a7575577c7c32fc11709"

[[goal]]
file          = "double_then_add_one.velme"
name          = "Double"
signature     = "b3:a332dbb7cb1dc93349879b4110c117ab31464865a035805932fcf7226847d9f3"
contract_key  = "b3:259ea3c977c74527bde8a20363a9f82a17280c86664995988d201c0ef9aafe36"
artifact      = "b3:c608e5d124eb4fb3c01856963902f6d100ab551ea2ab799eaf17dd2cd3f2cd3f"

[[goal]]
file          = "double_then_add_one.velme"
name          = "Main"
signature     = "b3:8e5521ed45c05724e315850b21fe5060192047626329f20661bf62fe8aaf2d7a"
contract_key  = "b3:4d7f39c1ee3045db73dbd12e4f14daac3b048738fd7d31d93b58cabbc3221929"
artifact      = "b3:d4a601c7ecad44b8653357abdc07af8c5bac9b2cd9223e2a7004459c0613647b"

[[goal]]
file          = "find_badge.velme"
name          = "FindBadge"
signature     = "b3:095ab220df1f4cf220e8f8a11fa39ab94dce8b9af2db8ae422cdb43d87ebce8f"
contract_key  = "b3:5b6d93bc1fba1130f477746c821a29dc69fc34e2298bf8be05367732906bd86b"
artifact      = "b3:4d128b862122af20ee21445123b0851d5050cfd2ae5fce8ddbad60518a009c6f"

[[goal]]
file          = "hello.velme"
name          = "SayHello"
signature     = "b3:efb1d46025f7ee82bccf202c4590556a40bf872fe73d10430c791b9b376fc60e"
contract_key  = "b3:6a9b094900ce5ff3ebeecfdfe6a7b29db7b4f77bbd5e1ee57fd0b3c478f76ce9"
artifact      = "b3:d3c3249a72023d31fad6b1ae74eab6d5927419fb889023c0fdbea0a342522c0e"
