# Generated by `velme build`. Commit this file. Do not edit by hand.
version  = 1
language = "0.1"

[[goal]]
file          = "find_badge.velme"
name          = "FindBadge"
signature     = "b3:095ab220df1f4cf220e8f8a11fa39ab94dce8b9af2db8ae422cdb43d87ebce8f"
contract_key  = "b3:5b6d93bc1fba1130f477746c821a29dc69fc34e2298bf8be05367732906bd86b"
artifact      = "b3:dd52fc964cadbf02c52cdc8f1ab4a319c818eb34f3329e2429d2475d02528c46"
