# Generated by `velme build`. Commit this file. Do not edit by hand.
version  = 1
language = "0.1"

[[goal]]
file          = "order_total.velme"
name          = "Discount"
signature     = "b3:f7abf7965783745727214c7d3a328badce0414ed0d91ef5a16bcd8b201a492a3"
contract_key  = "b3:425a14687160b4e7d1fc6364e10aa86c3a4dc921bba79b3e987b5b5a69dd693f"
artifact      = "b3:d7bfc5c582c0d195685e0da45fbe7cbf6e7208d3822bb9bb418c65d8fbbaf615"

[[goal]]
file          = "order_total.velme"
name          = "OrderTotal"
signature     = "b3:2bdeddddbeb0792616c91de5bc153f97f9b3bcced8f369b57daa5f7107203338"
contract_key  = "b3:614e9ca602275e0f657992b125d7db8bff7a3f59b64dd3cb7499f23315452164"
artifact      = "b3:f6b090511531903abe613014df2fdb1a3616b2d5d05fe382f988fad673a5e4cf"

[[goal]]
file          = "order_total.velme"
name          = "Shipping"
signature     = "b3:ae9a52f8e12167731cc0d87b8681d96041cb97901f9219e2410d390a3ef37a83"
contract_key  = "b3:5fdc3c21e0da34a8e12d1b3525f7c2839bdcc69dcb580b2a8abe8759d409fa84"
artifact      = "b3:efb2e961e009cf0e7bca86261070509e9085d76bc8ffa1fcee66f147e3fddb42"

[[goal]]
file          = "order_total.velme"
name          = "Subtotal"
signature     = "b3:1dae5e57fdd5c157b42c8edade705d4e1c769755511f9111a41a6814e08ba356"
contract_key  = "b3:d2de3d419e425e4840e2a491d0b47530bc33ce0e44b5cfa20b7099569662ee01"
artifact      = "b3:f9ab46dab8fd9e7af23652f176090e4c66247f7d272605736d7b8780522e9a7d"
