# Generated by `velme build`. Commit this file. Do not edit by hand.
version  = 1
language = "0.1"

[[goal]]
file          = "order_total.velme"
name          = "Discount"
signature     = "b3:f7abf7965783745727214c7d3a328badce0414ed0d91ef5a16bcd8b201a492a3"
contract_key  = "b3:425a14687160b4e7d1fc6364e10aa86c3a4dc921bba79b3e987b5b5a69dd693f"
artifact      = "b3:f57bf7fcd2f6c891a1804e3f0b4169ba34a10549658a693ebe221b20380c7574"

[[goal]]
file          = "order_total.velme"
name          = "OrderTotal"
signature     = "b3:2bdeddddbeb0792616c91de5bc153f97f9b3bcced8f369b57daa5f7107203338"
contract_key  = "b3:614e9ca602275e0f657992b125d7db8bff7a3f59b64dd3cb7499f23315452164"
artifact      = "b3:8832001bb6e205d841f26d08c948a64f19ad2d8e52b103b9bc3f7a94424ec1a3"

[[goal]]
file          = "order_total.velme"
name          = "Shipping"
signature     = "b3:ae9a52f8e12167731cc0d87b8681d96041cb97901f9219e2410d390a3ef37a83"
contract_key  = "b3:5fdc3c21e0da34a8e12d1b3525f7c2839bdcc69dcb580b2a8abe8759d409fa84"
artifact      = "b3:6c880c1e40668c393ecbb90e23ac58f92f15da6f24804fa96fc77978d13fd4b3"

[[goal]]
file          = "order_total.velme"
name          = "Subtotal"
signature     = "b3:1dae5e57fdd5c157b42c8edade705d4e1c769755511f9111a41a6814e08ba356"
contract_key  = "b3:d2de3d419e425e4840e2a491d0b47530bc33ce0e44b5cfa20b7099569662ee01"
artifact      = "b3:d16cf0ae9d1c6d639ee2f3b8675ef427cbacf87ed38b5f979fcf7bc6d321acfd"
