# Generated by `velme build`. Commit this file. Do not edit by hand.
version  = 1
language = "0.1"

[[goal]]
file          = "level_summary.velme"
name          = "CalculateLevelScore"
signature     = "b3:e434c3348d9b4175ecc0edcf8483f3103fca085f23ac0653259a4a0b78f18545"
contract_key  = "b3:5c16d6abcbe63439733c829e99c726cd91d99514b9c6bde6b5e7d956b6517e72"
artifact      = "b3:e73052c600b311e887ace7afcd3758d3d165a9161784c2e83c2e104880d60676"

[[goal]]
file          = "level_summary.velme"
name          = "CalculateReward"
signature     = "b3:ac6eb91f9492ca8c6f8029049c205a1f4ca970488ff81f1ebcb28e50f0759cd4"
contract_key  = "b3:d8a244f192489c54fd8ab82b5aa650f0ed9c5c455c9161e6bac5a1d9677f721d"
artifact      = "b3:b3e78a9801e438872aa21e20ec4cd9bd8bbab00984a9f5f161b85c590654ce46"

[[goal]]
file          = "level_summary.velme"
name          = "CountEnemies"
signature     = "b3:d06e8804f0f490c9597d2536924a46b516ca2185b07eb08d22dde13991a21c4f"
contract_key  = "b3:b317e456bb5ebd329fa8edc47b684c76667617aacea8e41bc15e2711f464d8c2"
artifact      = "b3:8ac1cec35f76336460799cf98d2eeefdb6e5cc25e6447fa77bd0700113808e81"

[[goal]]
file          = "level_summary.velme"
name          = "CountTreasures"
signature     = "b3:f058050e7a15e0ac5b39b279c913938ddca63535a94af03bab34d1ba9e81cc38"
contract_key  = "b3:394d9dff0477137c469d445c0e3e1ddf7f646ee3f1ca7117c56ffa496220bb8a"
artifact      = "b3:26a54102790c870a76305254a0bc41e1cb2c926dc5b2bce8887b5bd61b559a3d"

[[goal]]
file          = "level_summary.velme"
name          = "CreateLevelSummary"
signature     = "b3:73aea5438962c2eba8eda6ecf5e2aa3e02a453644a1b7a7ad38439e504cf5f99"
contract_key  = "b3:30b47101ce494e617426a969fa9b0984fd7c21b7d18d10e2b84fe296b6af2860"
artifact      = "b3:624ac05a6330db94bd40e79d2ca5357b5200fe9e40cbb9944edda6fb89b540c7"

[[goal]]
file          = "level_summary.velme"
name          = "RateDifficulty"
signature     = "b3:e7c29912e8edbaed8b6b830041e68bd833566eaf666166ae3e306a9781900428"
contract_key  = "b3:3d80c03fece64ebe7112c4e158e2458852b3836af40df78cb43355cce010b872"
artifact      = "b3:c9b3e74b937ca1aa23d8572c4c79ec4b1d3f65f3c456db6d4a77c170007b94f9"
