# Generated by `velme build`. Commit this file. Do not edit by hand.
version  = 1
language = "0.1"

[[goal]]
file          = "double_then_add_one.velme"
name          = "AddOne"
signature     = "b3:888c4a6a609473d2d3f073a1fd90f7bc40115c694ea79f0a36dad08a8a919893"
contract_key  = "b3:1c35e605cfced26f8dca8d0de178ced7ab62db0c01aed246844f9d9900066231"
artifact      = "b3:da1e9175cf0c05eb51246ad2d3ba528e7e4851d6641deb4a11ff4a9e42a62314"

[[goal]]
file          = "double_then_add_one.velme"
name          = "Double"
signature     = "b3:a332dbb7cb1dc93349879b4110c117ab31464865a035805932fcf7226847d9f3"
contract_key  = "b3:259ea3c977c74527bde8a20363a9f82a17280c86664995988d201c0ef9aafe36"
artifact      = "b3:55d56a488cad1b0cd96cf61d454399c304ce58c1f8613b23afdd716bbece9ee5"

[[goal]]
file          = "double_then_add_one.velme"
name          = "Main"
signature     = "b3:8e5521ed45c05724e315850b21fe5060192047626329f20661bf62fe8aaf2d7a"
contract_key  = "b3:4d7f39c1ee3045db73dbd12e4f14daac3b048738fd7d31d93b58cabbc3221929"
artifact      = "b3:2290d8e4caeb6a60e1a2ff7f45307e45a3d1ce845d2757221d7b0b675527b7b6"
